{
  "name": "triumphs",
  "version": "0.2.6",
  "lockfileVersion": 3,
  "requires": true,
  "packages": {
    "": {
      "name": "triumphs",
      "version": "0.2.6",
      "workspaces": [
        "frontend",
        "backend"
      ]
    },
    "backend": {
      "name": "@triumphs/backend",
      "version": "0.3.0",
      "dependencies": {
        "dotenv": "^17.4.2",
        "express": "^5.1.0",
        "mongoose": "^8.15.0"
      },
      "devDependencies": {
        "@types/express": "^5.0.3",
        "@types/node": "^24.13.2",
        "tsx": "^4.19.4",
        "typescript": "~6.0.2",
        "vitest": "^4.1.9"
      }
    },
    "frontend": {
      "name": "@triumphs/frontend",
      "version": "0.3.0",
      "dependencies": {
        "react": "^19.2.7",
        "react-dom": "^19.2.7"
      },
      "devDependencies": {
        "@playwright/test": "^1.61.1",
        "@testing-library/jest-dom": "^6.9.1",
        "@testing-library/react": "^16.3.2",
        "@testing-library/user-event": "^14.6.1",
        "@types/node": "^24.13.2",
        "@types/react": "^19.2.17",
        "@types/react-dom": "^19.2.3",
        "@vitejs/plugin-react": "^6.0.2",
        "@vitest/coverage-v8": "^4.1.9",
        "jsdom": "^29.1.1",
        "oxlint": "^1.69.0",
        "typescript": "~6.0.2",
        "vite": "^8.1.0",
        "vitest": "^4.1.9"
      }
    }